
Microsoft Visual Studio Solution File, Format Version 12.00
# Visual Studio Version 16
VisualStudioVersion = 16.0.31025.194
MinimumVisualStudioVersion = 10.0.40219.1
Project("{FAE04EC0-301F-11D3-BF4B-00C04F79EFBC}") = "ThirdVoyage", "ThirdVoyage.csproj", "{E01DB873-DC76-4EEF-90BA-364E8C037B0C}"
EndProject
Global
	GlobalSection(SolutionConfigurationPlatforms) = preSolution
		Debug|Any CPU = Debug|Any CPU
		Release|Any CPU = Release|Any CPU
	EndGlobalSection
	GlobalSection(ProjectConfigurationPlatforms) = postSolution
		{E01DB873-DC76-4EEF-90BA-364E8C037B0C}.Debug|Any CPU.ActiveCfg = Debug|Any CPU
		{E01DB873-DC76-4EEF-90BA-364E8C037B0C}.Debug|Any CPU.Build.0 = Debug|Any CPU
		{E01DB873-DC76-4EEF-90BA-364E8C037B0C}.Release|Any CPU.ActiveCfg = Release|Any CPU
		{E01DB873-DC76-4EEF-90BA-364E8C037B0C}.Release|Any CPU.Build.0 = Release|Any CPU
	EndGlobalSection
	GlobalSection(SolutionProperties) = preSolution
		HideSolutionNode = FALSE
	EndGlobalSection
	GlobalSection(ExtensibilityGlobals) = postSolution
		SolutionGuid = {CA2A1408-DCFD-4961-98C4-F2ED3EBA689E}
	EndGlobalSection
EndGlobal
